
Microsoft Visual Studio Solution File, Format Version 12.00
# Visual Studio Version 16
VisualStudioVersion = 16.0.29519.87
MinimumVisualStudioVersion = 10.0.40219.1
Project("{FAE04EC0-301F-11D3-BF4B-00C04F79EFBC}") = "SamsonBookStore", "SamsonBookStore.csproj", "{2E595616-B09F-43B8-920F-E6B0C35634F7}"
EndProject
Global
	GlobalSection(SolutionConfigurationPlatforms) = preSolution
		Debug|Any CPU = Debug|Any CPU
		Release|Any CPU = Release|Any CPU
	EndGlobalSection
	GlobalSection(ProjectConfigurationPlatforms) = postSolution
		{2E595616-B09F-43B8-920F-E6B0C35634F7}.Debug|Any CPU.ActiveCfg = Debug|Any CPU
		{2E595616-B09F-43B8-920F-E6B0C35634F7}.Debug|Any CPU.Build.0 = Debug|Any CPU
		{2E595616-B09F-43B8-920F-E6B0C35634F7}.Release|Any CPU.ActiveCfg = Release|Any CPU
		{2E595616-B09F-43B8-920F-E6B0C35634F7}.Release|Any CPU.Build.0 = Release|Any CPU
	EndGlobalSection
	GlobalSection(SolutionProperties) = preSolution
		HideSolutionNode = FALSE
	EndGlobalSection
	GlobalSection(ExtensibilityGlobals) = postSolution
		SolutionGuid = {A158E128-EBEB-42C5-A155-189AACAB405D}
	EndGlobalSection
EndGlobal
